
Microsoft Visual Studio Solution File, Format Version 12.00
# Visual Studio 2012
Project("{FAE04EC0-301F-11D3-BF4B-00C04F79EFBC}") = "SampleApp", "SampleApp\SampleApp.csproj", "{C5E2349A-738A-4257-A0E1-5F0E7A457254}"
EndProject
Global
	GlobalSection(SolutionConfigurationPlatforms) = preSolution
		Debug|Any CPU = Debug|Any CPU
		Release|Any CPU = Release|Any CPU
	EndGlobalSection
	GlobalSection(ProjectConfigurationPlatforms) = postSolution
		{C5E2349A-738A-4257-A0E1-5F0E7A457254}.Debug|Any CPU.ActiveCfg = Debug|Any CPU
		{C5E2349A-738A-4257-A0E1-5F0E7A457254}.Debug|Any CPU.Build.0 = Debug|Any CPU
		{C5E2349A-738A-4257-A0E1-5F0E7A457254}.Release|Any CPU.ActiveCfg = Release|Any CPU
		{C5E2349A-738A-4257-A0E1-5F0E7A457254}.Release|Any CPU.Build.0 = Release|Any CPU
	EndGlobalSection
	GlobalSection(SolutionProperties) = preSolution
		HideSolutionNode = FALSE
	EndGlobalSection
EndGlobal
